
Microsoft Visual Studio Solution File, Format Version 12.00
# Visual Studio Version 17
VisualStudioVersion = 17.0.31903.59
MinimumVisualStudioVersion = 10.0.40219.1
Project("{2150E333-8FDC-42A3-9474-1A3956D46DE8}") = "src", "src", "{827E0CD3-B72D-47B6-A68D-7590B98EB39B}"
EndProject
Project("{FAE04EC0-301F-11D3-BF4B-00C04F79EFBC}") = "BespokeStudio.Api", "src\BespokeStudio.Api\BespokeStudio.Api.csproj", "{7282C005-D37E-4DFA-AD6A-A9D28E4220EE}"
EndProject
Project("{FAE04EC0-301F-11D3-BF4B-00C04F79EFBC}") = "BespokeStudio.Application", "src\BespokeStudio.Application\BespokeStudio.Application.csproj", "{25BE37AD-A8B9-466E-B04F-862FD6F45EB2}"
EndProject
Project("{FAE04EC0-301F-11D3-BF4B-00C04F79EFBC}") = "BespokeStudio.Domain", "src\BespokeStudio.Domain\BespokeStudio.Domain.csproj", "{0DBDF077-B4A3-4A3E-AFE0-FFE08CCF9AB6}"
EndProject
Project("{FAE04EC0-301F-11D3-BF4B-00C04F79EFBC}") = "BespokeStudio.Infrastructure", "src\BespokeStudio.Infrastructure\BespokeStudio.Infrastructure.csproj", "{C827B41D-8EB7-46AE-A16C-388ACC8B01F3}"
EndProject
Global
	GlobalSection(SolutionConfigurationPlatforms) = preSolution
		Debug|Any CPU = Debug|Any CPU
		Debug|x64 = Debug|x64
		Debug|x86 = Debug|x86
		Release|Any CPU = Release|Any CPU
		Release|x64 = Release|x64
		Release|x86 = Release|x86
	EndGlobalSection
	GlobalSection(ProjectConfigurationPlatforms) = postSolution
		{7282C005-D37E-4DFA-AD6A-A9D28E4220EE}.Debug|Any CPU.ActiveCfg = Debug|Any CPU
		{7282C005-D37E-4DFA-AD6A-A9D28E4220EE}.Debug|Any CPU.Build.0 = Debug|Any CPU
		{7282C005-D37E-4DFA-AD6A-A9D28E4220EE}.Debug|x64.ActiveCfg = Debug|Any CPU
		{7282C005-D37E-4DFA-AD6A-A9D28E4220EE}.Debug|x64.Build.0 = Debug|Any CPU
		{7282C005-D37E-4DFA-AD6A-A9D28E4220EE}.Debug|x86.ActiveCfg = Debug|Any CPU
		{7282C005-D37E-4DFA-AD6A-A9D28E4220EE}.Debug|x86.Build.0 = Debug|Any CPU
		{7282C005-D37E-4DFA-AD6A-A9D28E4220EE}.Release|Any CPU.ActiveCfg = Release|Any CPU
		{7282C005-D37E-4DFA-AD6A-A9D28E4220EE}.Release|Any CPU.Build.0 = Release|Any CPU
		{7282C005-D37E-4DFA-AD6A-A9D28E4220EE}.Release|x64.ActiveCfg = Release|Any CPU
		{7282C005-D37E-4DFA-AD6A-A9D28E4220EE}.Release|x64.Build.0 = Release|Any CPU
		{7282C005-D37E-4DFA-AD6A-A9D28E4220EE}.Release|x86.ActiveCfg = Release|Any CPU
		{7282C005-D37E-4DFA-AD6A-A9D28E4220EE}.Release|x86.Build.0 = Release|Any CPU
		{25BE37AD-A8B9-466E-B04F-862FD6F45EB2}.Debug|Any CPU.ActiveCfg = Debug|Any CPU
		{25BE37AD-A8B9-466E-B04F-862FD6F45EB2}.Debug|Any CPU.Build.0 = Debug|Any CPU
		{25BE37AD-A8B9-466E-B04F-862FD6F45EB2}.Debug|x64.ActiveCfg = Debug|Any CPU
		{25BE37AD-A8B9-466E-B04F-862FD6F45EB2}.Debug|x64.Build.0 = Debug|Any CPU
		{25BE37AD-A8B9-466E-B04F-862FD6F45EB2}.Debug|x86.ActiveCfg = Debug|Any CPU
		{25BE37AD-A8B9-466E-B04F-862FD6F45EB2}.Debug|x86.Build.0 = Debug|Any CPU
		{25BE37AD-A8B9-466E-B04F-862FD6F45EB2}.Release|Any CPU.ActiveCfg = Release|Any CPU
		{25BE37AD-A8B9-466E-B04F-862FD6F45EB2}.Release|Any CPU.Build.0 = Release|Any CPU
		{25BE37AD-A8B9-466E-B04F-862FD6F45EB2}.Release|x64.ActiveCfg = Release|Any CPU
		{25BE37AD-A8B9-466E-B04F-862FD6F45EB2}.Release|x64.Build.0 = Release|Any CPU
		{25BE37AD-A8B9-466E-B04F-862FD6F45EB2}.Release|x86.ActiveCfg = Release|Any CPU
		{25BE37AD-A8B9-466E-B04F-862FD6F45EB2}.Release|x86.Build.0 = Release|Any CPU
		{0DBDF077-B4A3-4A3E-AFE0-FFE08CCF9AB6}.Debug|Any CPU.ActiveCfg = Debug|Any CPU
		{0DBDF077-B4A3-4A3E-AFE0-FFE08CCF9AB6}.Debug|Any CPU.Build.0 = Debug|Any CPU
		{0DBDF077-B4A3-4A3E-AFE0-FFE08CCF9AB6}.Debug|x64.ActiveCfg = Debug|Any CPU
		{0DBDF077-B4A3-4A3E-AFE0-FFE08CCF9AB6}.Debug|x64.Build.0 = Debug|Any CPU
		{0DBDF077-B4A3-4A3E-AFE0-FFE08CCF9AB6}.Debug|x86.ActiveCfg = Debug|Any CPU
		{0DBDF077-B4A3-4A3E-AFE0-FFE08CCF9AB6}.Debug|x86.Build.0 = Debug|Any CPU
		{0DBDF077-B4A3-4A3E-AFE0-FFE08CCF9AB6}.Release|Any CPU.ActiveCfg = Release|Any CPU
		{0DBDF077-B4A3-4A3E-AFE0-FFE08CCF9AB6}.Release|Any CPU.Build.0 = Release|Any CPU
		{0DBDF077-B4A3-4A3E-AFE0-FFE08CCF9AB6}.Release|x64.ActiveCfg = Release|Any CPU
		{0DBDF077-B4A3-4A3E-AFE0-FFE08CCF9AB6}.Release|x64.Build.0 = Release|Any CPU
		{0DBDF077-B4A3-4A3E-AFE0-FFE08CCF9AB6}.Release|x86.ActiveCfg = Release|Any CPU
		{0DBDF077-B4A3-4A3E-AFE0-FFE08CCF9AB6}.Release|x86.Build.0 = Release|Any CPU
		{C827B41D-8EB7-46AE-A16C-388ACC8B01F3}.Debug|Any CPU.ActiveCfg = Debug|Any CPU
		{C827B41D-8EB7-46AE-A16C-388ACC8B01F3}.Debug|Any CPU.Build.0 = Debug|Any CPU
		{C827B41D-8EB7-46AE-A16C-388ACC8B01F3}.Debug|x64.ActiveCfg = Debug|Any CPU
		{C827B41D-8EB7-46AE-A16C-388ACC8B01F3}.Debug|x64.Build.0 = Debug|Any CPU
		{C827B41D-8EB7-46AE-A16C-388ACC8B01F3}.Debug|x86.ActiveCfg = Debug|Any CPU
		{C827B41D-8EB7-46AE-A16C-388ACC8B01F3}.Debug|x86.Build.0 = Debug|Any CPU
		{C827B41D-8EB7-46AE-A16C-388ACC8B01F3}.Release|Any CPU.ActiveCfg = Release|Any CPU
		{C827B41D-8EB7-46AE-A16C-388ACC8B01F3}.Release|Any CPU.Build.0 = Release|Any CPU
		{C827B41D-8EB7-46AE-A16C-388ACC8B01F3}.Release|x64.ActiveCfg = Release|Any CPU
		{C827B41D-8EB7-46AE-A16C-388ACC8B01F3}.Release|x64.Build.0 = Release|Any CPU
		{C827B41D-8EB7-46AE-A16C-388ACC8B01F3}.Release|x86.ActiveCfg = Release|Any CPU
		{C827B41D-8EB7-46AE-A16C-388ACC8B01F3}.Release|x86.Build.0 = Release|Any CPU
	EndGlobalSection
	GlobalSection(SolutionProperties) = preSolution
		HideSolutionNode = FALSE
	EndGlobalSection
	GlobalSection(NestedProjects) = preSolution
		{7282C005-D37E-4DFA-AD6A-A9D28E4220EE} = {827E0CD3-B72D-47B6-A68D-7590B98EB39B}
		{25BE37AD-A8B9-466E-B04F-862FD6F45EB2} = {827E0CD3-B72D-47B6-A68D-7590B98EB39B}
		{0DBDF077-B4A3-4A3E-AFE0-FFE08CCF9AB6} = {827E0CD3-B72D-47B6-A68D-7590B98EB39B}
		{C827B41D-8EB7-46AE-A16C-388ACC8B01F3} = {827E0CD3-B72D-47B6-A68D-7590B98EB39B}
	EndGlobalSection
EndGlobal
